
Microsoft Visual Studio Solution File, Format Version 12.00
# Visual Studio Version 17
VisualStudioVersion = 17.4.33205.214
MinimumVisualStudioVersion = 10.0.40219.1
Project("{9A19103F-16F7-4668-BE54-9A1E7A4F7556}") = "FilerServer.Api", "FilerServer.Api\FilerServer.Api.csproj", "{016D4972-B5C5-4AA7-907D-C6DA91E80DEB}"
EndProject
Project("{FAE04EC0-301F-11D3-BF4B-00C04F79EFBC}") = "FileServer.Domain", "FileServer.Domain\FileServer.Domain.csproj", "{AE835793-1F05-425B-8C8B-FECE2A13BEFC}"
EndProject
Project("{FAE04EC0-301F-11D3-BF4B-00C04F79EFBC}") = "FileServer.Services", "FileServer.Services\FileServer.Services.csproj", "{C54DD0A5-6DED-42AF-B9B5-AFE4C5ACEE68}"
EndProject
Project("{FAE04EC0-301F-11D3-BF4B-00C04F79EFBC}") = "FileServer.DataAccess", "FileServer.DataAccess\FileServer.DataAccess.csproj", "{3E66B48E-6D96-4DA9-B092-2F9E48C0250C}"
EndProject
Global
	GlobalSection(SolutionConfigurationPlatforms) = preSolution
		Debug|Any CPU = Debug|Any CPU
		Release|Any CPU = Release|Any CPU
	EndGlobalSection
	GlobalSection(ProjectConfigurationPlatforms) = postSolution
		{016D4972-B5C5-4AA7-907D-C6DA91E80DEB}.Debug|Any CPU.ActiveCfg = Debug|Any CPU
		{016D4972-B5C5-4AA7-907D-C6DA91E80DEB}.Debug|Any CPU.Build.0 = Debug|Any CPU
		{016D4972-B5C5-4AA7-907D-C6DA91E80DEB}.Release|Any CPU.ActiveCfg = Release|Any CPU
		{016D4972-B5C5-4AA7-907D-C6DA91E80DEB}.Release|Any CPU.Build.0 = Release|Any CPU
		{AE835793-1F05-425B-8C8B-FECE2A13BEFC}.Debug|Any CPU.ActiveCfg = Debug|Any CPU
		{AE835793-1F05-425B-8C8B-FECE2A13BEFC}.Debug|Any CPU.Build.0 = Debug|Any CPU
		{AE835793-1F05-425B-8C8B-FECE2A13BEFC}.Release|Any CPU.ActiveCfg = Release|Any CPU
		{AE835793-1F05-425B-8C8B-FECE2A13BEFC}.Release|Any CPU.Build.0 = Release|Any CPU
		{C54DD0A5-6DED-42AF-B9B5-AFE4C5ACEE68}.Debug|Any CPU.ActiveCfg = Debug|Any CPU
		{C54DD0A5-6DED-42AF-B9B5-AFE4C5ACEE68}.Debug|Any CPU.Build.0 = Debug|Any CPU
		{C54DD0A5-6DED-42AF-B9B5-AFE4C5ACEE68}.Release|Any CPU.ActiveCfg = Release|Any CPU
		{C54DD0A5-6DED-42AF-B9B5-AFE4C5ACEE68}.Release|Any CPU.Build.0 = Release|Any CPU
		{3E66B48E-6D96-4DA9-B092-2F9E48C0250C}.Debug|Any CPU.ActiveCfg = Debug|Any CPU
		{3E66B48E-6D96-4DA9-B092-2F9E48C0250C}.Debug|Any CPU.Build.0 = Debug|Any CPU
		{3E66B48E-6D96-4DA9-B092-2F9E48C0250C}.Release|Any CPU.ActiveCfg = Release|Any CPU
		{3E66B48E-6D96-4DA9-B092-2F9E48C0250C}.Release|Any CPU.Build.0 = Release|Any CPU
	EndGlobalSection
	GlobalSection(SolutionProperties) = preSolution
		HideSolutionNode = FALSE
	EndGlobalSection
	GlobalSection(ExtensibilityGlobals) = postSolution
		SolutionGuid = {0F8F8864-D636-447D-92D4-24E4B139A235}
	EndGlobalSection
EndGlobal
