
Microsoft Visual Studio Solution File, Format Version 12.00
# Visual Studio Version 17
VisualStudioVersion = 17.4.33205.214
MinimumVisualStudioVersion = 10.0.40219.1
Project("{FAE04EC0-301F-11D3-BF4B-00C04F79EFBC}") = "FilerServer.Api", "FilerServer.Api\FilerServer.Api.csproj", "{016D4972-B5C5-4AA7-907D-C6DA91E80DEB}"
EndProject
Global
	GlobalSection(SolutionConfigurationPlatforms) = preSolution
		Debug|Any CPU = Debug|Any CPU
		Release|Any CPU = Release|Any CPU
	EndGlobalSection
	GlobalSection(ProjectConfigurationPlatforms) = postSolution
		{016D4972-B5C5-4AA7-907D-C6DA91E80DEB}.Debug|Any CPU.ActiveCfg = Debug|Any CPU
		{016D4972-B5C5-4AA7-907D-C6DA91E80DEB}.Debug|Any CPU.Build.0 = Debug|Any CPU
		{016D4972-B5C5-4AA7-907D-C6DA91E80DEB}.Release|Any CPU.ActiveCfg = Release|Any CPU
		{016D4972-B5C5-4AA7-907D-C6DA91E80DEB}.Release|Any CPU.Build.0 = Release|Any CPU
	EndGlobalSection
	GlobalSection(SolutionProperties) = preSolution
		HideSolutionNode = FALSE
	EndGlobalSection
	GlobalSection(ExtensibilityGlobals) = postSolution
		SolutionGuid = {0F8F8864-D636-447D-92D4-24E4B139A235}
	EndGlobalSection
EndGlobal
