
Microsoft Visual Studio Solution File, Format Version 12.00
# Visual Studio Version 17
VisualStudioVersion = 17.4.33205.214
MinimumVisualStudioVersion = 10.0.40219.1
Project("{FAE04EC0-301F-11D3-BF4B-00C04F79EFBC}") = "FileServer.Api", "FileServer.Api\FileServer.Api.csproj", "{A1CE5792-FF64-4CC7-AFB8-B93640504F85}"
EndProject
Project("{FAE04EC0-301F-11D3-BF4B-00C04F79EFBC}") = "FileServer.Domain", "FileServer.Domain\FileServer.Domain.csproj", "{A3B7B227-289F-4C58-8043-E0C30A940E79}"
EndProject
Project("{FAE04EC0-301F-11D3-BF4B-00C04F79EFBC}") = "FileServer.Services", "FileServer.Services\FileServer.Services.csproj", "{ADECDC48-3655-4D89-98B0-F4A64E84F866}"
EndProject
Project("{FAE04EC0-301F-11D3-BF4B-00C04F79EFBC}") = "FileServer.DataAccess", "FileServer.DataAccess\FileServer.DataAccess.csproj", "{372DC625-F03F-4681-B0A7-0C4CEA55C8CB}"
EndProject
Global
	GlobalSection(SolutionConfigurationPlatforms) = preSolution
		Debug|Any CPU = Debug|Any CPU
		Release|Any CPU = Release|Any CPU
	EndGlobalSection
	GlobalSection(ProjectConfigurationPlatforms) = postSolution
		{A1CE5792-FF64-4CC7-AFB8-B93640504F85}.Debug|Any CPU.ActiveCfg = Debug|Any CPU
		{A1CE5792-FF64-4CC7-AFB8-B93640504F85}.Debug|Any CPU.Build.0 = Debug|Any CPU
		{A1CE5792-FF64-4CC7-AFB8-B93640504F85}.Release|Any CPU.ActiveCfg = Release|Any CPU
		{A1CE5792-FF64-4CC7-AFB8-B93640504F85}.Release|Any CPU.Build.0 = Release|Any CPU
		{A3B7B227-289F-4C58-8043-E0C30A940E79}.Debug|Any CPU.ActiveCfg = Debug|Any CPU
		{A3B7B227-289F-4C58-8043-E0C30A940E79}.Debug|Any CPU.Build.0 = Debug|Any CPU
		{A3B7B227-289F-4C58-8043-E0C30A940E79}.Release|Any CPU.ActiveCfg = Release|Any CPU
		{A3B7B227-289F-4C58-8043-E0C30A940E79}.Release|Any CPU.Build.0 = Release|Any CPU
		{ADECDC48-3655-4D89-98B0-F4A64E84F866}.Debug|Any CPU.ActiveCfg = Debug|Any CPU
		{ADECDC48-3655-4D89-98B0-F4A64E84F866}.Debug|Any CPU.Build.0 = Debug|Any CPU
		{ADECDC48-3655-4D89-98B0-F4A64E84F866}.Release|Any CPU.ActiveCfg = Release|Any CPU
		{ADECDC48-3655-4D89-98B0-F4A64E84F866}.Release|Any CPU.Build.0 = Release|Any CPU
		{372DC625-F03F-4681-B0A7-0C4CEA55C8CB}.Debug|Any CPU.ActiveCfg = Debug|Any CPU
		{372DC625-F03F-4681-B0A7-0C4CEA55C8CB}.Debug|Any CPU.Build.0 = Debug|Any CPU
		{372DC625-F03F-4681-B0A7-0C4CEA55C8CB}.Release|Any CPU.ActiveCfg = Release|Any CPU
		{372DC625-F03F-4681-B0A7-0C4CEA55C8CB}.Release|Any CPU.Build.0 = Release|Any CPU
	EndGlobalSection
	GlobalSection(SolutionProperties) = preSolution
		HideSolutionNode = FALSE
	EndGlobalSection
	GlobalSection(ExtensibilityGlobals) = postSolution
		SolutionGuid = {96C2BF49-804F-4505-A75F-2D73AD49474E}
	EndGlobalSection
EndGlobal
